# THIS IS AN AUTOGENERATED FILE. DO NOT EDIT THIS FILE DIRECTLY.
# yarn lockfile v1


dns-packet@^5.2.2:
  version "5.2.2"
  resolved "https://registry.yarnpkg.com/dns-packet/-/dns-packet-5.2.2.tgz#e4c7d12974cc320b0c0d4b9bbbf68ac151cfe81e"
  integrity sha512-sQN+vLwC3PvOXiCH/oHcdzML2opFeIdVh8gjjMZrM45n4dR80QF6o3AzInQy6F9Eoc0VJYog4JpQTilt4RFLYQ==
  dependencies:
    ip "^1.1.5"

dnsjack@^1.0.0:
  version "1.0.0"
  resolved "https://registry.yarnpkg.com/dnsjack/-/dnsjack-1.0.0.tgz#ad10c638623e8e9cfed3fc2a1ebca96df0385f36"
  integrity sha1-rRDGOGI+jpz+0/wqHrypbfA4XzY=

ip@^1.1.5:
  version "1.1.5"
  resolved "https://registry.yarnpkg.com/ip/-/ip-1.1.5.tgz#bdded70114290828c0a039e72ef25f5aaec4354a"
  integrity sha1-vd7XARQpCCjAoDnnLvJfWq7ENUo=
