# THIS IS AN AUTOGENERATED FILE. DO NOT EDIT THIS FILE DIRECTLY.
# yarn lockfile v1


dns-packet@^5.2.1:
  version "5.2.1"
  resolved "https://registry.yarnpkg.com/dns-packet/-/dns-packet-5.2.1.tgz#26cec0be92252a1b97ed106482921192a7e08f72"
  integrity sha512-JHj2yJeKOqlxzeuYpN1d56GfhzivAxavNwHj9co3qptECel27B1rLY5PifJAvubsInX5pGLDjAHuCfCUc2Zv/w==
  dependencies:
    ip "^1.1.5"

dnsjack@^1.0.0:
  version "1.0.0"
  resolved "https://registry.yarnpkg.com/dnsjack/-/dnsjack-1.0.0.tgz#ad10c638623e8e9cfed3fc2a1ebca96df0385f36"
  integrity sha1-rRDGOGI+jpz+0/wqHrypbfA4XzY=

ip@^1.1.5:
  version "1.1.5"
  resolved "https://registry.yarnpkg.com/ip/-/ip-1.1.5.tgz#bdded70114290828c0a039e72ef25f5aaec4354a"
  integrity sha1-vd7XARQpCCjAoDnnLvJfWq7ENUo=
